# This file is autogenerated, do not edit; changes may be undone by the next 'dep ensure'.


[[projects]]
  branch = "master"
  name = "github.com/deepakr199/go"
  packages = [
    "common/util",
    "common/util/company",
    "common/util/employee"
  ]
  revision = "9b2ec924d4977ac53a81270ac6921f178a6c1925"

[[projects]]
  branch = "master"
  name = "github.com/golang/glog"
  packages = ["."]
  revision = "23def4e6c14b4da8ac2ed8007337bc5eb5007998"

[solve-meta]
  analyzer-name = "dep"
  analyzer-version = 1
  inputs-digest = "f069a750ccca5a053d6924e09ed96538ba2a44bcdcc64a5d321f6e8f77413706"
  solver-name = "gps-cdcl"
  solver-version = 1
