# This file is autogenerated, do not edit; changes may be undone by the next 'dep ensure'.


[[projects]]
  name = "github.com/deepakr199/go"
  packages = [
    "common/util",
    "common/util/company"
  ]
  revision = "760cab42d91cbf29504e008db35201c9328ecb26"
  version = "v1.0"

[solve-meta]
  analyzer-name = "dep"
  analyzer-version = 1
  inputs-digest = "60de8e5711c7b0952420aaed28b45e953b5d74541cd02c23ee1b3aade25d5ff9"
  solver-name = "gps-cdcl"
  solver-version = 1
